// !$*UTF8*$!
{
	archiveVersion = 1;
	classes = {
	};
	objectVersion = 46;
	objects = {

/* Begin PBXBuildFile section */
		9100CABE1E1FAB6D00B883E4 /* HRLayoutViewController.m in Sources */ = {isa = PBXBuildFile; fileRef = 9100CABD1E1FAB6D00B883E4 /* HRLayoutViewController.m */; };
		91257E8F1E235B6A002800F1 /* UIColor+Utils.m in Sources */ = {isa = PBXBuildFile; fileRef = 91257E8E1E235B6A002800F1 /* UIColor+Utils.m */; };
		91257E921E235E10002800F1 /* UINavigationController+Factory.m in Sources */ = {isa = PBXBuildFile; fileRef = 91257E911E235E10002800F1 /* UINavigationController+Factory.m */; };
		91257E981E235FB9002800F1 /* HRGradientScrollNavBar.m in Sources */ = {isa = PBXBuildFile; fileRef = 91257E971E235FB9002800F1 /* HRGradientScrollNavBar.m */; };
		91257E9B1E237072002800F1 /* HRGraphicsFactory.m in Sources */ = {isa = PBXBuildFile; fileRef = 91257E9A1E237072002800F1 /* HRGraphicsFactory.m */; };
		913BB1B71E1E430800C3D4B3 /* main.m in Sources */ = {isa = PBXBuildFile; fileRef = 913BB1B61E1E430800C3D4B3 /* main.m */; };
		913BB1BA1E1E430800C3D4B3 /* AppDelegate.m in Sources */ = {isa = PBXBuildFile; fileRef = 913BB1B91E1E430800C3D4B3 /* AppDelegate.m */; };
		913BB1BD1E1E430800C3D4B3 /* ViewController.m in Sources */ = {isa = PBXBuildFile; fileRef = 913BB1BC1E1E430800C3D4B3 /* ViewController.m */; };
		913BB1C01E1E430800C3D4B3 /* Main.storyboard in Resources */ = {isa = PBXBuildFile; fileRef = 913BB1BE1E1E430800C3D4B3 /* Main.storyboard */; };
		913BB1C21E1E430800C3D4B3 /* Assets.xcassets in Resources */ = {isa = PBXBuildFile; fileRef = 913BB1C11E1E430800C3D4B3 /* Assets.xcassets */; };
		913BB1C51E1E430800C3D4B3 /* LaunchScreen.storyboard in Resources */ = {isa = PBXBuildFile; fileRef = 913BB1C31E1E430800C3D4B3 /* LaunchScreen.storyboard */; };
		913BB1CF1E1E445300C3D4B3 /* HRStickyHeaderFlowLayout.m in Sources */ = {isa = PBXBuildFile; fileRef = 913BB1CE1E1E445300C3D4B3 /* HRStickyHeaderFlowLayout.m */; };
		91D6C8251E237A3500FEE048 /* UIButton+HRUtilities.m in Sources */ = {isa = PBXBuildFile; fileRef = 91D6C8241E237A3500FEE048 /* UIButton+HRUtilities.m */; };
		91D6C8561E24BC7200FEE048 /* HRSwiperViewController.m in Sources */ = {isa = PBXBuildFile; fileRef = 91D6C8551E24BC7200FEE048 /* HRSwiperViewController.m */; };
/* End PBXBuildFile section */

/* Begin PBXFileReference section */
		9100CABC1E1FAB6D00B883E4 /* HRLayoutViewController.h */ = {isa = PBXFileReference; fileEncoding = 4; lastKnownFileType = sourcecode.c.h; path = HRLayoutViewController.h; sourceTree = "<group>"; };
		9100CABD1E1FAB6D00B883E4 /* HRLayoutViewController.m */ = {isa = PBXFileReference; fileEncoding = 4; lastKnownFileType = sourcecode.c.objc; path = HRLayoutViewController.m; sourceTree = "<group>"; };
		91257E8D1E235B6A002800F1 /* UIColor+Utils.h */ = {isa = PBXFileReference; fileEncoding = 4; lastKnownFileType = sourcecode.c.h; name = "UIColor+Utils.h"; path = "Utils/UIColor+Utils.h"; sourceTree = "<group>"; };
		91257E8E1E235B6A002800F1 /* UIColor+Utils.m */ = {isa = PBXFileReference; fileEncoding = 4; lastKnownFileType = sourcecode.c.objc; name = "UIColor+Utils.m"; path = "Utils/UIColor+Utils.m"; sourceTree = "<group>"; };
		91257E901E235E10002800F1 /* UINavigationController+Factory.h */ = {isa = PBXFileReference; fileEncoding = 4; lastKnownFileType = sourcecode.c.h; path = "UINavigationController+Factory.h"; sourceTree = "<group>"; };
		91257E911E235E10002800F1 /* UINavigationController+Factory.m */ = {isa = PBXFileReference; fileEncoding = 4; lastKnownFileType = sourcecode.c.objc; path = "UINavigationController+Factory.m"; sourceTree = "<group>"; };
		91257E961E235FB9002800F1 /* HRGradientScrollNavBar.h */ = {isa = PBXFileReference; fileEncoding = 4; lastKnownFileType = sourcecode.c.h; name = HRGradientScrollNavBar.h; path = Navigation/HRGradientScrollNavBar.h; sourceTree = "<group>"; };
		91257E971E235FB9002800F1 /* HRGradientScrollNavBar.m */ = {isa = PBXFileReference; fileEncoding = 4; lastKnownFileType = sourcecode.c.objc; name = HRGradientScrollNavBar.m; path = Navigation/HRGradientScrollNavBar.m; sourceTree = "<group>"; };
		91257E991E237072002800F1 /* HRGraphicsFactory.h */ = {isa = PBXFileReference; fileEncoding = 4; lastKnownFileType = sourcecode.c.h; name = HRGraphicsFactory.h; path = Utils/HRGraphicsFactory.h; sourceTree = "<group>"; };
		91257E9A1E237072002800F1 /* HRGraphicsFactory.m */ = {isa = PBXFileReference; fileEncoding = 4; lastKnownFileType = sourcecode.c.objc; name = HRGraphicsFactory.m; path = Utils/HRGraphicsFactory.m; sourceTree = "<group>"; };
		913BB1B21E1E430800C3D4B3 /* Layout.app */ = {isa = PBXFileReference; explicitFileType = wrapper.application; includeInIndex = 0; path = Layout.app; sourceTree = BUILT_PRODUCTS_DIR; };
		913BB1B61E1E430800C3D4B3 /* main.m */ = {isa = PBXFileReference; lastKnownFileType = sourcecode.c.objc; path = main.m; sourceTree = "<group>"; };
		913BB1B81E1E430800C3D4B3 /* AppDelegate.h */ = {isa = PBXFileReference; lastKnownFileType = sourcecode.c.h; path = AppDelegate.h; sourceTree = "<group>"; };
		913BB1B91E1E430800C3D4B3 /* AppDelegate.m */ = {isa = PBXFileReference; lastKnownFileType = sourcecode.c.objc; path = AppDelegate.m; sourceTree = "<group>"; };
		913BB1BB1E1E430800C3D4B3 /* ViewController.h */ = {isa = PBXFileReference; lastKnownFileType = sourcecode.c.h; path = ViewController.h; sourceTree = "<group>"; };
		913BB1BC1E1E430800C3D4B3 /* ViewController.m */ = {isa = PBXFileReference; lastKnownFileType = sourcecode.c.objc; path = ViewController.m; sourceTree = "<group>"; };
		913BB1BF1E1E430800C3D4B3 /* Base */ = {isa = PBXFileReference; lastKnownFileType = file.storyboard; name = Base; path = Base.lproj/Main.storyboard; sourceTree = "<group>"; };
		913BB1C11E1E430800C3D4B3 /* Assets.xcassets */ = {isa = PBXFileReference; lastKnownFileType = folder.assetcatalog; path = Assets.xcassets; sourceTree = "<group>"; };
		913BB1C41E1E430800C3D4B3 /* Base */ = {isa = PBXFileReference; lastKnownFileType = file.storyboard; name = Base; path = Base.lproj/LaunchScreen.storyboard; sourceTree = "<group>"; };
		913BB1C61E1E430800C3D4B3 /* Info.plist */ = {isa = PBXFileReference; lastKnownFileType = text.plist.xml; path = Info.plist; sourceTree = "<group>"; };
		913BB1CD1E1E445300C3D4B3 /* HRStickyHeaderFlowLayout.h */ = {isa = PBXFileReference; fileEncoding = 4; lastKnownFileType = sourcecode.c.h; name = HRStickyHeaderFlowLayout.h; path = StickyHeader/HRStickyHeaderFlowLayout.h; sourceTree = "<group>"; };
		913BB1CE1E1E445300C3D4B3 /* HRStickyHeaderFlowLayout.m */ = {isa = PBXFileReference; fileEncoding = 4; lastKnownFileType = sourcecode.c.objc; name = HRStickyHeaderFlowLayout.m; path = StickyHeader/HRStickyHeaderFlowLayout.m; sourceTree = "<group>"; };
		91D6C8231E237A3500FEE048 /* UIButton+HRUtilities.h */ = {isa = PBXFileReference; fileEncoding = 4; lastKnownFileType = sourcecode.c.h; name = "UIButton+HRUtilities.h"; path = "Utils/UIButton+HRUtilities.h"; sourceTree = "<group>"; };
		91D6C8241E237A3500FEE048 /* UIButton+HRUtilities.m */ = {isa = PBXFileReference; fileEncoding = 4; lastKnownFileType = sourcecode.c.objc; name = "UIButton+HRUtilities.m"; path = "Utils/UIButton+HRUtilities.m"; sourceTree = "<group>"; };
		91D6C8541E24BC7200FEE048 /* HRSwiperViewController.h */ = {isa = PBXFileReference; fileEncoding = 4; lastKnownFileType = sourcecode.c.h; name = HRSwiperViewController.h; path = CategorySwiper/HRSwiperViewController.h; sourceTree = "<group>"; };
		91D6C8551E24BC7200FEE048 /* HRSwiperViewController.m */ = {isa = PBXFileReference; fileEncoding = 4; lastKnownFileType = sourcecode.c.objc; name = HRSwiperViewController.m; path = CategorySwiper/HRSwiperViewController.m; sourceTree = "<group>"; };
/* End PBXFileReference section */

/* Begin PBXFrameworksBuildPhase section */
		913BB1AF1E1E430800C3D4B3 /* Frameworks */ = {
			isa = PBXFrameworksBuildPhase;
			buildActionMask = 2147483647;
			files = (
			);
			runOnlyForDeploymentPostprocessing = 0;
		};
/* End PBXFrameworksBuildPhase section */

/* Begin PBXGroup section */
		9100CAB81E1FA60700B883E4 /* Navigation */ = {
			isa = PBXGroup;
			children = (
				91257E961E235FB9002800F1 /* HRGradientScrollNavBar.h */,
				91257E971E235FB9002800F1 /* HRGradientScrollNavBar.m */,
			);
			name = Navigation;
			sourceTree = "<group>";
		};
		91257E8C1E235B1C002800F1 /* Utils */ = {
			isa = PBXGroup;
			children = (
				91257E8D1E235B6A002800F1 /* UIColor+Utils.h */,
				91257E8E1E235B6A002800F1 /* UIColor+Utils.m */,
				91257E991E237072002800F1 /* HRGraphicsFactory.h */,
				91257E9A1E237072002800F1 /* HRGraphicsFactory.m */,
				91D6C8231E237A3500FEE048 /* UIButton+HRUtilities.h */,
				91D6C8241E237A3500FEE048 /* UIButton+HRUtilities.m */,
			);
			name = Utils;
			sourceTree = "<group>";
		};
		913BB1A91E1E430800C3D4B3 = {
			isa = PBXGroup;
			children = (
				913BB1B41E1E430800C3D4B3 /* Layout */,
				913BB1B31E1E430800C3D4B3 /* Products */,
			);
			sourceTree = "<group>";
		};
		913BB1B31E1E430800C3D4B3 /* Products */ = {
			isa = PBXGroup;
			children = (
				913BB1B21E1E430800C3D4B3 /* Layout.app */,
			);
			name = Products;
			sourceTree = "<group>";
		};
		913BB1B41E1E430800C3D4B3 /* Layout */ = {
			isa = PBXGroup;
			children = (
				913BB1B81E1E430800C3D4B3 /* AppDelegate.h */,
				913BB1B91E1E430800C3D4B3 /* AppDelegate.m */,
				913BB1BB1E1E430800C3D4B3 /* ViewController.h */,
				913BB1BC1E1E430800C3D4B3 /* ViewController.m */,
				91D6C8501E24BB0F00FEE048 /* CategorySwiper */,
				91257E901E235E10002800F1 /* UINavigationController+Factory.h */,
				91257E911E235E10002800F1 /* UINavigationController+Factory.m */,
				9100CABC1E1FAB6D00B883E4 /* HRLayoutViewController.h */,
				9100CABD1E1FAB6D00B883E4 /* HRLayoutViewController.m */,
				9100CAB81E1FA60700B883E4 /* Navigation */,
				913BB1CC1E1E437700C3D4B3 /* StickyHeader */,
				91257E8C1E235B1C002800F1 /* Utils */,
				913BB1BE1E1E430800C3D4B3 /* Main.storyboard */,
				913BB1C11E1E430800C3D4B3 /* Assets.xcassets */,
				913BB1C31E1E430800C3D4B3 /* LaunchScreen.storyboard */,
				913BB1C61E1E430800C3D4B3 /* Info.plist */,
				913BB1B51E1E430800C3D4B3 /* Supporting Files */,
			);
			path = Layout;
			sourceTree = "<group>";
		};
		913BB1B51E1E430800C3D4B3 /* Supporting Files */ = {
			isa = PBXGroup;
			children = (
				913BB1B61E1E430800C3D4B3 /* main.m */,
			);
			name = "Supporting Files";
			sourceTree = "<group>";
		};
		913BB1CC1E1E437700C3D4B3 /* StickyHeader */ = {
			isa = PBXGroup;
			children = (
				913BB1CD1E1E445300C3D4B3 /* HRStickyHeaderFlowLayout.h */,
				913BB1CE1E1E445300C3D4B3 /* HRStickyHeaderFlowLayout.m */,
			);
			name = StickyHeader;
			sourceTree = "<group>";
		};
		91D6C8501E24BB0F00FEE048 /* CategorySwiper */ = {
			isa = PBXGroup;
			children = (
				91D6C8541E24BC7200FEE048 /* HRSwiperViewController.h */,
				91D6C8551E24BC7200FEE048 /* HRSwiperViewController.m */,
			);
			name = CategorySwiper;
			sourceTree = "<group>";
		};
/* End PBXGroup section */

/* Begin PBXNativeTarget section */
		913BB1B11E1E430800C3D4B3 /* Layout */ = {
			isa = PBXNativeTarget;
			buildConfigurationList = 913BB1C91E1E430800C3D4B3 /* Build configuration list for PBXNativeTarget "Layout" */;
			buildPhases = (
				913BB1AE1E1E430800C3D4B3 /* Sources */,
				913BB1AF1E1E430800C3D4B3 /* Frameworks */,
				913BB1B01E1E430800C3D4B3 /* Resources */,
			);
			buildRules = (
			);
			dependencies = (
			);
			name = Layout;
			productName = Layout;
			productReference = 913BB1B21E1E430800C3D4B3 /* Layout.app */;
			productType = "com.apple.product-type.application";
		};
/* End PBXNativeTarget section */

/* Begin PBXProject section */
		913BB1AA1E1E430800C3D4B3 /* Project object */ = {
			isa = PBXProject;
			attributes = {
				LastUpgradeCheck = 0810;
				ORGANIZATIONNAME = Yahoo;
				TargetAttributes = {
					913BB1B11E1E430800C3D4B3 = {
						CreatedOnToolsVersion = 8.1;
						ProvisioningStyle = Automatic;
					};
				};
			};
			buildConfigurationList = 913BB1AD1E1E430800C3D4B3 /* Build configuration list for PBXProject "Layout" */;
			compatibilityVersion = "Xcode 3.2";
			developmentRegion = English;
			hasScannedForEncodings = 0;
			knownRegions = (
				en,
				Base,
			);
			mainGroup = 913BB1A91E1E430800C3D4B3;
			productRefGroup = 913BB1B31E1E430800C3D4B3 /* Products */;
			projectDirPath = "";
			projectRoot = "";
			targets = (
				913BB1B11E1E430800C3D4B3 /* Layout */,
			);
		};
/* End PBXProject section */

/* Begin PBXResourcesBuildPhase section */
		913BB1B01E1E430800C3D4B3 /* Resources */ = {
			isa = PBXResourcesBuildPhase;
			buildActionMask = 2147483647;
			files = (
				913BB1C51E1E430800C3D4B3 /* LaunchScreen.storyboard in Resources */,
				913BB1C21E1E430800C3D4B3 /* Assets.xcassets in Resources */,
				913BB1C01E1E430800C3D4B3 /* Main.storyboard in Resources */,
			);
			runOnlyForDeploymentPostprocessing = 0;
		};
/* End PBXResourcesBuildPhase section */

/* Begin PBXSourcesBuildPhase section */
		913BB1AE1E1E430800C3D4B3 /* Sources */ = {
			isa = PBXSourcesBuildPhase;
			buildActionMask = 2147483647;
			files = (
				91257E921E235E10002800F1 /* UINavigationController+Factory.m in Sources */,
				913BB1BD1E1E430800C3D4B3 /* ViewController.m in Sources */,
				91257E981E235FB9002800F1 /* HRGradientScrollNavBar.m in Sources */,
				91257E9B1E237072002800F1 /* HRGraphicsFactory.m in Sources */,
				913BB1CF1E1E445300C3D4B3 /* HRStickyHeaderFlowLayout.m in Sources */,
				913BB1BA1E1E430800C3D4B3 /* AppDelegate.m in Sources */,
				91D6C8251E237A3500FEE048 /* UIButton+HRUtilities.m in Sources */,
				91D6C8561E24BC7200FEE048 /* HRSwiperViewController.m in Sources */,
				91257E8F1E235B6A002800F1 /* UIColor+Utils.m in Sources */,
				9100CABE1E1FAB6D00B883E4 /* HRLayoutViewController.m in Sources */,
				913BB1B71E1E430800C3D4B3 /* main.m in Sources */,
			);
			runOnlyForDeploymentPostprocessing = 0;
		};
/* End PBXSourcesBuildPhase section */

/* Begin PBXVariantGroup section */
		913BB1BE1E1E430800C3D4B3 /* Main.storyboard */ = {
			isa = PBXVariantGroup;
			children = (
				913BB1BF1E1E430800C3D4B3 /* Base */,
			);
			name = Main.storyboard;
			sourceTree = "<group>";
		};
		913BB1C31E1E430800C3D4B3 /* LaunchScreen.storyboard */ = {
			isa = PBXVariantGroup;
			children = (
				913BB1C41E1E430800C3D4B3 /* Base */,
			);
			name = LaunchScreen.storyboard;
			sourceTree = "<group>";
		};
/* End PBXVariantGroup section */

/* Begin XCBuildConfiguration section */
		913BB1C71E1E430800C3D4B3 /* Debug */ = {
			isa = XCBuildConfiguration;
			buildSettings = {
				ALWAYS_SEARCH_USER_PATHS = NO;
				CLANG_ANALYZER_NONNULL = YES;
				CLANG_CXX_LANGUAGE_STANDARD = "gnu++0x";
				CLANG_CXX_LIBRARY = "libc++";
				CLANG_ENABLE_MODULES = YES;
				CLANG_ENABLE_OBJC_ARC = YES;
				CLANG_WARN_BOOL_CONVERSION = YES;
				CLANG_WARN_CONSTANT_CONVERSION = YES;
				CLANG_WARN_DIRECT_OBJC_ISA_USAGE = YES_ERROR;
				CLANG_WARN_DOCUMENTATION_COMMENTS = YES;
				CLANG_WARN_EMPTY_BODY = YES;
				CLANG_WARN_ENUM_CONVERSION = YES;
				CLANG_WARN_INFINITE_RECURSION = YES;
				CLANG_WARN_INT_CONVERSION = YES;
				CLANG_WARN_OBJC_ROOT_CLASS = YES_ERROR;
				CLANG_WARN_SUSPICIOUS_MOVES = YES;
				CLANG_WARN_UNREACHABLE_CODE = YES;
				CLANG_WARN__DUPLICATE_METHOD_MATCH = YES;
				"CODE_SIGN_IDENTITY[sdk=iphoneos*]" = "iPhone Developer";
				COPY_PHASE_STRIP = NO;
				DEBUG_INFORMATION_FORMAT = dwarf;
				ENABLE_STRICT_OBJC_MSGSEND = YES;
				ENABLE_TESTABILITY = YES;
				GCC_C_LANGUAGE_STANDARD = gnu99;
				GCC_DYNAMIC_NO_PIC = NO;
				GCC_NO_COMMON_BLOCKS = YES;
				GCC_OPTIMIZATION_LEVEL = 0;
				GCC_PREPROCESSOR_DEFINITIONS = (
					"DEBUG=1",
					"$(inherited)",
				);
				GCC_WARN_64_TO_32_BIT_CONVERSION = YES;
				GCC_WARN_ABOUT_RETURN_TYPE = YES_ERROR;
				GCC_WARN_UNDECLARED_SELECTOR = YES;
				GCC_WARN_UNINITIALIZED_AUTOS = YES_AGGRESSIVE;
				GCC_WARN_UNUSED_FUNCTION = YES;
				GCC_WARN_UNUSED_VARIABLE = YES;
				IPHONEOS_DEPLOYMENT_TARGET = 10.1;
				MTL_ENABLE_DEBUG_INFO = YES;
				ONLY_ACTIVE_ARCH = YES;
				SDKROOT = iphoneos;
			};
			name = Debug;
		};
		913BB1C81E1E430800C3D4B3 /* Release */ = {
			isa = XCBuildConfiguration;
			buildSettings = {
				ALWAYS_SEARCH_USER_PATHS = NO;
				CLANG_ANALYZER_NONNULL = YES;
				CLANG_CXX_LANGUAGE_STANDARD = "gnu++0x";
				CLANG_CXX_LIBRARY = "libc++";
				CLANG_ENABLE_MODULES = YES;
				CLANG_ENABLE_OBJC_ARC = YES;
				CLANG_WARN_BOOL_CONVERSION = YES;
				CLANG_WARN_CONSTANT_CONVERSION = YES;
				CLANG_WARN_DIRECT_OBJC_ISA_USAGE = YES_ERROR;
				CLANG_WARN_DOCUMENTATION_COMMENTS = YES;
				CLANG_WARN_EMPTY_BODY = YES;
				CLANG_WARN_ENUM_CONVERSION = YES;
				CLANG_WARN_INFINITE_RECURSION = YES;
				CLANG_WARN_INT_CONVERSION = YES;
				CLANG_WARN_OBJC_ROOT_CLASS = YES_ERROR;
				CLANG_WARN_SUSPICIOUS_MOVES = YES;
				CLANG_WARN_UNREACHABLE_CODE = YES;
				CLANG_WARN__DUPLICATE_METHOD_MATCH = YES;
				"CODE_SIGN_IDENTITY[sdk=iphoneos*]" = "iPhone Developer";
				COPY_PHASE_STRIP = NO;
				DEBUG_INFORMATION_FORMAT = "dwarf-with-dsym";
				ENABLE_NS_ASSERTIONS = NO;
				ENABLE_STRICT_OBJC_MSGSEND = YES;
				GCC_C_LANGUAGE_STANDARD = gnu99;
				GCC_NO_COMMON_BLOCKS = YES;
				GCC_WARN_64_TO_32_BIT_CONVERSION = YES;
				GCC_WARN_ABOUT_RETURN_TYPE = YES_ERROR;
				GCC_WARN_UNDECLARED_SELECTOR = YES;
				GCC_WARN_UNINITIALIZED_AUTOS = YES_AGGRESSIVE;
				GCC_WARN_UNUSED_FUNCTION = YES;
				GCC_WARN_UNUSED_VARIABLE = YES;
				IPHONEOS_DEPLOYMENT_TARGET = 10.1;
				MTL_ENABLE_DEBUG_INFO = NO;
				SDKROOT = iphoneos;
				VALIDATE_PRODUCT = YES;
			};
			name = Release;
		};
		913BB1CA1E1E430800C3D4B3 /* Debug */ = {
			isa = XCBuildConfiguration;
			buildSettings = {
				ASSETCATALOG_COMPILER_APPICON_NAME = AppIcon;
				DEVELOPMENT_TEAM = "";
				INFOPLIST_FILE = Layout/Info.plist;
				LD_RUNPATH_SEARCH_PATHS = "$(inherited) @executable_path/Frameworks";
				PRODUCT_BUNDLE_IDENTIFIER = com.yahoo.twNews.Layout;
				PRODUCT_NAME = "$(TARGET_NAME)";
			};
			name = Debug;
		};
		913BB1CB1E1E430800C3D4B3 /* Release */ = {
			isa = XCBuildConfiguration;
			buildSettings = {
				ASSETCATALOG_COMPILER_APPICON_NAME = AppIcon;
				DEVELOPMENT_TEAM = "";
				INFOPLIST_FILE = Layout/Info.plist;
				LD_RUNPATH_SEARCH_PATHS = "$(inherited) @executable_path/Frameworks";
				PRODUCT_BUNDLE_IDENTIFIER = com.yahoo.twNews.Layout;
				PRODUCT_NAME = "$(TARGET_NAME)";
			};
			name = Release;
		};
/* End XCBuildConfiguration section */

/* Begin XCConfigurationList section */
		913BB1AD1E1E430800C3D4B3 /* Build configuration list for PBXProject "Layout" */ = {
			isa = XCConfigurationList;
			buildConfigurations = (
				913BB1C71E1E430800C3D4B3 /* Debug */,
				913BB1C81E1E430800C3D4B3 /* Release */,
			);
			defaultConfigurationIsVisible = 0;
			defaultConfigurationName = Release;
		};
		913BB1C91E1E430800C3D4B3 /* Build configuration list for PBXNativeTarget "Layout" */ = {
			isa = XCConfigurationList;
			buildConfigurations = (
				913BB1CA1E1E430800C3D4B3 /* Debug */,
				913BB1CB1E1E430800C3D4B3 /* Release */,
			);
			defaultConfigurationIsVisible = 0;
			defaultConfigurationName = Release;
		};
/* End XCConfigurationList section */
	};
	rootObject = 913BB1AA1E1E430800C3D4B3 /* Project object */;
}
